
Microsoft Visual Studio Solution File, Format Version 12.00
# Visual Studio Version 16
VisualStudioVersion = 16.0.33423.256
MinimumVisualStudioVersion = 10.0.40219.1
Project("{FAE04EC0-301F-11D3-BF4B-00C04F79EFBC}") = "SAO", "SAO\SAO.csproj", "{FCF1186C-0E07-497A-87C0-5FD52E1CC81C}"
EndProject
Global
	GlobalSection(SolutionConfigurationPlatforms) = preSolution
		Debug|Any CPU = Debug|Any CPU
		Release|Any CPU = Release|Any CPU
	EndGlobalSection
	GlobalSection(ProjectConfigurationPlatforms) = postSolution
		{FCF1186C-0E07-497A-87C0-5FD52E1CC81C}.Debug|Any CPU.ActiveCfg = Debug|Any CPU
		{FCF1186C-0E07-497A-87C0-5FD52E1CC81C}.Debug|Any CPU.Build.0 = Debug|Any CPU
		{FCF1186C-0E07-497A-87C0-5FD52E1CC81C}.Release|Any CPU.ActiveCfg = Release|Any CPU
		{FCF1186C-0E07-497A-87C0-5FD52E1CC81C}.Release|Any CPU.Build.0 = Release|Any CPU
	EndGlobalSection
	GlobalSection(SolutionProperties) = preSolution
		HideSolutionNode = FALSE
	EndGlobalSection
	GlobalSection(ExtensibilityGlobals) = postSolution
		SolutionGuid = {446BF977-712A-46F2-91F9-3EB68A1031CC}
	EndGlobalSection
EndGlobal
